// !$*UTF8*$!
{
	archiveVersion = 1;
	classes = {
	};
	objectVersion = 52;
	objects = {

/* Begin PBXBuildFile section */
		CB087B562D57C4C600583514 /* WeatherDAO.swift in Sources */ = {isa = PBXBuildFile; fileRef = CB087B552D57C4C600583514 /* WeatherDAO.swift */; };
		CB087B592D57DCB500583514 /* PlaceEntity+CoreDataClass.swift in Sources */ = {isa = PBXBuildFile; fileRef = CB087B572D57DCB500583514 /* PlaceEntity+CoreDataClass.swift */; };
		CB087B5A2D57DCB500583514 /* PlaceEntity+CoreDataProperties.swift in Sources */ = {isa = PBXBuildFile; fileRef = CB087B582D57DCB500583514 /* PlaceEntity+CoreDataProperties.swift */; };
		CB1641A62D62640C00EAE793 /* Kingfisher in Frameworks */ = {isa = PBXBuildFile; productRef = CB1641A52D62640C00EAE793 /* Kingfisher */; };
		CB1641A82D62659D00EAE793 /* weatherIconDAO.swift in Sources */ = {isa = PBXBuildFile; fileRef = CB1641A72D62659D00EAE793 /* weatherIconDAO.swift */; };
		CB9C9F8A2D577C100026D370 /* AppDelegate.swift in Sources */ = {isa = PBXBuildFile; fileRef = CB9C9F892D577C100026D370 /* AppDelegate.swift */; };
		CB9C9F8C2D577C100026D370 /* SceneDelegate.swift in Sources */ = {isa = PBXBuildFile; fileRef = CB9C9F8B2D577C100026D370 /* SceneDelegate.swift */; };
		CB9C9F8E2D577C100026D370 /* ViewController.swift in Sources */ = {isa = PBXBuildFile; fileRef = CB9C9F8D2D577C100026D370 /* ViewController.swift */; };
		CB9C9F912D577C100026D370 /* Main.storyboard in Resources */ = {isa = PBXBuildFile; fileRef = CB9C9F8F2D577C100026D370 /* Main.storyboard */; };
		CB9C9F942D577C100026D370 /* Weather.xcdatamodeld in Sources */ = {isa = PBXBuildFile; fileRef = CB9C9F922D577C100026D370 /* Weather.xcdatamodeld */; };
		CB9C9F962D577C110026D370 /* Assets.xcassets in Resources */ = {isa = PBXBuildFile; fileRef = CB9C9F952D577C110026D370 /* Assets.xcassets */; };
		CB9C9F992D577C110026D370 /* LaunchScreen.storyboard in Resources */ = {isa = PBXBuildFile; fileRef = CB9C9F972D577C110026D370 /* LaunchScreen.storyboard */; };
		CB9C9FA52D577FC50026D370 /* PersistentDAO.swift in Sources */ = {isa = PBXBuildFile; fileRef = CB9C9FA42D577FC50026D370 /* PersistentDAO.swift */; };
		CB9C9FA72D5780590026D370 /* placeStruct.swift in Sources */ = {isa = PBXBuildFile; fileRef = CB9C9FA62D5780590026D370 /* placeStruct.swift */; };
		CBEE5AFF2D5C88F70071630A /* 5dayVC.swift in Sources */ = {isa = PBXBuildFile; fileRef = CBEE5AFE2D5C88F70071630A /* 5dayVC.swift */; };
		CBFE81F22D5B7D2000E80B28 /* currentLocationDAO.swift in Sources */ = {isa = PBXBuildFile; fileRef = CBFE81F12D5B7D2000E80B28 /* currentLocationDAO.swift */; };
/* End PBXBuildFile section */

/* Begin PBXFileReference section */
		CB087B552D57C4C600583514 /* WeatherDAO.swift */ = {isa = PBXFileReference; lastKnownFileType = sourcecode.swift; path = WeatherDAO.swift; sourceTree = "<group>"; };
		CB087B572D57DCB500583514 /* PlaceEntity+CoreDataClass.swift */ = {isa = PBXFileReference; lastKnownFileType = sourcecode.swift; name = "PlaceEntity+CoreDataClass.swift"; path = "Weather/PlaceEntity+CoreDataClass.swift"; sourceTree = "<group>"; };
		CB087B582D57DCB500583514 /* PlaceEntity+CoreDataProperties.swift */ = {isa = PBXFileReference; lastKnownFileType = sourcecode.swift; name = "PlaceEntity+CoreDataProperties.swift"; path = "Weather/PlaceEntity+CoreDataProperties.swift"; sourceTree = "<group>"; };
		CB1641A72D62659D00EAE793 /* weatherIconDAO.swift */ = {isa = PBXFileReference; lastKnownFileType = sourcecode.swift; path = weatherIconDAO.swift; sourceTree = "<group>"; };
		CB9C9F862D577C0F0026D370 /* Weather.app */ = {isa = PBXFileReference; explicitFileType = wrapper.application; includeInIndex = 0; path = Weather.app; sourceTree = BUILT_PRODUCTS_DIR; };
		CB9C9F892D577C100026D370 /* AppDelegate.swift */ = {isa = PBXFileReference; lastKnownFileType = sourcecode.swift; path = AppDelegate.swift; sourceTree = "<group>"; };
		CB9C9F8B2D577C100026D370 /* SceneDelegate.swift */ = {isa = PBXFileReference; lastKnownFileType = sourcecode.swift; path = SceneDelegate.swift; sourceTree = "<group>"; };
		CB9C9F8D2D577C100026D370 /* ViewController.swift */ = {isa = PBXFileReference; lastKnownFileType = sourcecode.swift; path = ViewController.swift; sourceTree = "<group>"; };
		CB9C9F902D577C100026D370 /* Base */ = {isa = PBXFileReference; lastKnownFileType = file.storyboard; name = Base; path = Base.lproj/Main.storyboard; sourceTree = "<group>"; };
		CB9C9F932D577C100026D370 /* Weather.xcdatamodel */ = {isa = PBXFileReference; lastKnownFileType = wrapper.xcdatamodel; path = Weather.xcdatamodel; sourceTree = "<group>"; };
		CB9C9F952D577C110026D370 /* Assets.xcassets */ = {isa = PBXFileReference; lastKnownFileType = folder.assetcatalog; path = Assets.xcassets; sourceTree = "<group>"; };
		CB9C9F982D577C110026D370 /* Base */ = {isa = PBXFileReference; lastKnownFileType = file.storyboard; name = Base; path = Base.lproj/LaunchScreen.storyboard; sourceTree = "<group>"; };
		CB9C9F9A2D577C110026D370 /* Info.plist */ = {isa = PBXFileReference; lastKnownFileType = text.plist.xml; path = Info.plist; sourceTree = "<group>"; };
		CB9C9FA42D577FC50026D370 /* PersistentDAO.swift */ = {isa = PBXFileReference; lastKnownFileType = sourcecode.swift; path = PersistentDAO.swift; sourceTree = "<group>"; };
		CB9C9FA62D5780590026D370 /* placeStruct.swift */ = {isa = PBXFileReference; lastKnownFileType = sourcecode.swift; path = placeStruct.swift; sourceTree = "<group>"; };
		CBEE5AFE2D5C88F70071630A /* 5dayVC.swift */ = {isa = PBXFileReference; lastKnownFileType = sourcecode.swift; path = 5dayVC.swift; sourceTree = "<group>"; };
		CBFE81F12D5B7D2000E80B28 /* currentLocationDAO.swift */ = {isa = PBXFileReference; lastKnownFileType = sourcecode.swift; path = currentLocationDAO.swift; sourceTree = "<group>"; };
/* End PBXFileReference section */

/* Begin PBXFrameworksBuildPhase section */
		CB9C9F832D577C0F0026D370 /* Frameworks */ = {
			isa = PBXFrameworksBuildPhase;
			buildActionMask = 2147483647;
			files = (
				CB1641A62D62640C00EAE793 /* Kingfisher in Frameworks */,
			);
			runOnlyForDeploymentPostprocessing = 0;
		};
/* End PBXFrameworksBuildPhase section */

/* Begin PBXGroup section */
		CB9C9F7D2D577C0F0026D370 = {
			isa = PBXGroup;
			children = (
				CB087B572D57DCB500583514 /* PlaceEntity+CoreDataClass.swift */,
				CB087B582D57DCB500583514 /* PlaceEntity+CoreDataProperties.swift */,
				CB9C9F882D577C0F0026D370 /* Weather */,
				CB9C9F872D577C0F0026D370 /* Products */,
			);
			sourceTree = "<group>";
		};
		CB9C9F872D577C0F0026D370 /* Products */ = {
			isa = PBXGroup;
			children = (
				CB9C9F862D577C0F0026D370 /* Weather.app */,
			);
			name = Products;
			sourceTree = "<group>";
		};
		CB9C9F882D577C0F0026D370 /* Weather */ = {
			isa = PBXGroup;
			children = (
				CB9C9F892D577C100026D370 /* AppDelegate.swift */,
				CB9C9F8B2D577C100026D370 /* SceneDelegate.swift */,
				CB9C9F8D2D577C100026D370 /* ViewController.swift */,
				CB9C9F8F2D577C100026D370 /* Main.storyboard */,
				CB9C9F952D577C110026D370 /* Assets.xcassets */,
				CB9C9F972D577C110026D370 /* LaunchScreen.storyboard */,
				CB9C9F9A2D577C110026D370 /* Info.plist */,
				CB9C9F922D577C100026D370 /* Weather.xcdatamodeld */,
				CB9C9FA42D577FC50026D370 /* PersistentDAO.swift */,
				CB9C9FA62D5780590026D370 /* placeStruct.swift */,
				CB087B552D57C4C600583514 /* WeatherDAO.swift */,
				CBFE81F12D5B7D2000E80B28 /* currentLocationDAO.swift */,
				CBEE5AFE2D5C88F70071630A /* 5dayVC.swift */,
				CB1641A72D62659D00EAE793 /* weatherIconDAO.swift */,
			);
			path = Weather;
			sourceTree = "<group>";
		};
/* End PBXGroup section */

/* Begin PBXNativeTarget section */
		CB9C9F852D577C0F0026D370 /* Weather */ = {
			isa = PBXNativeTarget;
			buildConfigurationList = CB9C9F9D2D577C110026D370 /* Build configuration list for PBXNativeTarget "Weather" */;
			buildPhases = (
				CB9C9F822D577C0F0026D370 /* Sources */,
				CB9C9F832D577C0F0026D370 /* Frameworks */,
				CB9C9F842D577C0F0026D370 /* Resources */,
			);
			buildRules = (
			);
			dependencies = (
			);
			name = Weather;
			packageProductDependencies = (
				CB1641A52D62640C00EAE793 /* Kingfisher */,
			);
			productName = Weather;
			productReference = CB9C9F862D577C0F0026D370 /* Weather.app */;
			productType = "com.apple.product-type.application";
		};
/* End PBXNativeTarget section */

/* Begin PBXProject section */
		CB9C9F7E2D577C0F0026D370 /* Project object */ = {
			isa = PBXProject;
			attributes = {
				LastSwiftUpdateCheck = 1250;
				LastUpgradeCheck = 1250;
				TargetAttributes = {
					CB9C9F852D577C0F0026D370 = {
						CreatedOnToolsVersion = 12.5;
					};
				};
			};
			buildConfigurationList = CB9C9F812D577C0F0026D370 /* Build configuration list for PBXProject "Weather" */;
			compatibilityVersion = "Xcode 9.3";
			developmentRegion = en;
			hasScannedForEncodings = 0;
			knownRegions = (
				en,
				Base,
			);
			mainGroup = CB9C9F7D2D577C0F0026D370;
			packageReferences = (
				CB1641A42D62640C00EAE793 /* XCRemoteSwiftPackageReference "Kingfisher" */,
			);
			productRefGroup = CB9C9F872D577C0F0026D370 /* Products */;
			projectDirPath = "";
			projectRoot = "";
			targets = (
				CB9C9F852D577C0F0026D370 /* Weather */,
			);
		};
/* End PBXProject section */

/* Begin PBXResourcesBuildPhase section */
		CB9C9F842D577C0F0026D370 /* Resources */ = {
			isa = PBXResourcesBuildPhase;
			buildActionMask = 2147483647;
			files = (
				CB9C9F992D577C110026D370 /* LaunchScreen.storyboard in Resources */,
				CB9C9F962D577C110026D370 /* Assets.xcassets in Resources */,
				CB9C9F912D577C100026D370 /* Main.storyboard in Resources */,
			);
			runOnlyForDeploymentPostprocessing = 0;
		};
/* End PBXResourcesBuildPhase section */

/* Begin PBXSourcesBuildPhase section */
		CB9C9F822D577C0F0026D370 /* Sources */ = {
			isa = PBXSourcesBuildPhase;
			buildActionMask = 2147483647;
			files = (
				CB087B592D57DCB500583514 /* PlaceEntity+CoreDataClass.swift in Sources */,
				CB9C9F942D577C100026D370 /* Weather.xcdatamodeld in Sources */,
				CB087B562D57C4C600583514 /* WeatherDAO.swift in Sources */,
				CBFE81F22D5B7D2000E80B28 /* currentLocationDAO.swift in Sources */,
				CB1641A82D62659D00EAE793 /* weatherIconDAO.swift in Sources */,
				CB9C9F8E2D577C100026D370 /* ViewController.swift in Sources */,
				CB9C9FA52D577FC50026D370 /* PersistentDAO.swift in Sources */,
				CB9C9F8A2D577C100026D370 /* AppDelegate.swift in Sources */,
				CB9C9FA72D5780590026D370 /* placeStruct.swift in Sources */,
				CB9C9F8C2D577C100026D370 /* SceneDelegate.swift in Sources */,
				CB087B5A2D57DCB500583514 /* PlaceEntity+CoreDataProperties.swift in Sources */,
				CBEE5AFF2D5C88F70071630A /* 5dayVC.swift in Sources */,
			);
			runOnlyForDeploymentPostprocessing = 0;
		};
/* End PBXSourcesBuildPhase section */

/* Begin PBXVariantGroup section */
		CB9C9F8F2D577C100026D370 /* Main.storyboard */ = {
			isa = PBXVariantGroup;
			children = (
				CB9C9F902D577C100026D370 /* Base */,
			);
			name = Main.storyboard;
			sourceTree = "<group>";
		};
		CB9C9F972D577C110026D370 /* LaunchScreen.storyboard */ = {
			isa = PBXVariantGroup;
			children = (
				CB9C9F982D577C110026D370 /* Base */,
			);
			name = LaunchScreen.storyboard;
			sourceTree = "<group>";
		};
/* End PBXVariantGroup section */

/* Begin XCBuildConfiguration section */
		CB9C9F9B2D577C110026D370 /* Debug */ = {
			isa = XCBuildConfiguration;
			buildSettings = {
				ALWAYS_SEARCH_USER_PATHS = NO;
				CLANG_ANALYZER_NONNULL = YES;
				CLANG_ANALYZER_NUMBER_OBJECT_CONVERSION = YES_AGGRESSIVE;
				CLANG_CXX_LANGUAGE_STANDARD = "gnu++14";
				CLANG_CXX_LIBRARY = "libc++";
				CLANG_ENABLE_MODULES = YES;
				CLANG_ENABLE_OBJC_ARC = YES;
				CLANG_ENABLE_OBJC_WEAK = YES;
				CLANG_WARN_BLOCK_CAPTURE_AUTORELEASING = YES;
				CLANG_WARN_BOOL_CONVERSION = YES;
				CLANG_WARN_COMMA = YES;
				CLANG_WARN_CONSTANT_CONVERSION = YES;
				CLANG_WARN_DEPRECATED_OBJC_IMPLEMENTATIONS = YES;
				CLANG_WARN_DIRECT_OBJC_ISA_USAGE = YES_ERROR;
				CLANG_WARN_DOCUMENTATION_COMMENTS = YES;
				CLANG_WARN_EMPTY_BODY = YES;
				CLANG_WARN_ENUM_CONVERSION = YES;
				CLANG_WARN_INFINITE_RECURSION = YES;
				CLANG_WARN_INT_CONVERSION = YES;
				CLANG_WARN_NON_LITERAL_NULL_CONVERSION = YES;
				CLANG_WARN_OBJC_IMPLICIT_RETAIN_SELF = YES;
				CLANG_WARN_OBJC_LITERAL_CONVERSION = YES;
				CLANG_WARN_OBJC_ROOT_CLASS = YES_ERROR;
				CLANG_WARN_QUOTED_INCLUDE_IN_FRAMEWORK_HEADER = YES;
				CLANG_WARN_RANGE_LOOP_ANALYSIS = YES;
				CLANG_WARN_STRICT_PROTOTYPES = YES;
				CLANG_WARN_SUSPICIOUS_MOVE = YES;
				CLANG_WARN_UNGUARDED_AVAILABILITY = YES_AGGRESSIVE;
				CLANG_WARN_UNREACHABLE_CODE = YES;
				CLANG_WARN__DUPLICATE_METHOD_MATCH = YES;
				COPY_PHASE_STRIP = NO;
				DEBUG_INFORMATION_FORMAT = dwarf;
				ENABLE_STRICT_OBJC_MSGSEND = YES;
				ENABLE_TESTABILITY = YES;
				GCC_C_LANGUAGE_STANDARD = gnu11;
				GCC_DYNAMIC_NO_PIC = NO;
				GCC_NO_COMMON_BLOCKS = YES;
				GCC_OPTIMIZATION_LEVEL = 0;
				GCC_PREPROCESSOR_DEFINITIONS = (
					"DEBUG=1",
					"$(inherited)",
				);
				GCC_WARN_64_TO_32_BIT_CONVERSION = YES;
				GCC_WARN_ABOUT_RETURN_TYPE = YES_ERROR;
				GCC_WARN_UNDECLARED_SELECTOR = YES;
				GCC_WARN_UNINITIALIZED_AUTOS = YES_AGGRESSIVE;
				GCC_WARN_UNUSED_FUNCTION = YES;
				GCC_WARN_UNUSED_VARIABLE = YES;
				IPHONEOS_DEPLOYMENT_TARGET = 14.5;
				MTL_ENABLE_DEBUG_INFO = INCLUDE_SOURCE;
				MTL_FAST_MATH = YES;
				ONLY_ACTIVE_ARCH = YES;
				SDKROOT = iphoneos;
				SWIFT_ACTIVE_COMPILATION_CONDITIONS = DEBUG;
				SWIFT_OPTIMIZATION_LEVEL = "-Onone";
			};
			name = Debug;
		};
		CB9C9F9C2D577C110026D370 /* Release */ = {
			isa = XCBuildConfiguration;
			buildSettings = {
				ALWAYS_SEARCH_USER_PATHS = NO;
				CLANG_ANALYZER_NONNULL = YES;
				CLANG_ANALYZER_NUMBER_OBJECT_CONVERSION = YES_AGGRESSIVE;
				CLANG_CXX_LANGUAGE_STANDARD = "gnu++14";
				CLANG_CXX_LIBRARY = "libc++";
				CLANG_ENABLE_MODULES = YES;
				CLANG_ENABLE_OBJC_ARC = YES;
				CLANG_ENABLE_OBJC_WEAK = YES;
				CLANG_WARN_BLOCK_CAPTURE_AUTORELEASING = YES;
				CLANG_WARN_BOOL_CONVERSION = YES;
				CLANG_WARN_COMMA = YES;
				CLANG_WARN_CONSTANT_CONVERSION = YES;
				CLANG_WARN_DEPRECATED_OBJC_IMPLEMENTATIONS = YES;
				CLANG_WARN_DIRECT_OBJC_ISA_USAGE = YES_ERROR;
				CLANG_WARN_DOCUMENTATION_COMMENTS = YES;
				CLANG_WARN_EMPTY_BODY = YES;
				CLANG_WARN_ENUM_CONVERSION = YES;
				CLANG_WARN_INFINITE_RECURSION = YES;
				CLANG_WARN_INT_CONVERSION = YES;
				CLANG_WARN_NON_LITERAL_NULL_CONVERSION = YES;
				CLANG_WARN_OBJC_IMPLICIT_RETAIN_SELF = YES;
				CLANG_WARN_OBJC_LITERAL_CONVERSION = YES;
				CLANG_WARN_OBJC_ROOT_CLASS = YES_ERROR;
				CLANG_WARN_QUOTED_INCLUDE_IN_FRAMEWORK_HEADER = YES;
				CLANG_WARN_RANGE_LOOP_ANALYSIS = YES;
				CLANG_WARN_STRICT_PROTOTYPES = YES;
				CLANG_WARN_SUSPICIOUS_MOVE = YES;
				CLANG_WARN_UNGUARDED_AVAILABILITY = YES_AGGRESSIVE;
				CLANG_WARN_UNREACHABLE_CODE = YES;
				CLANG_WARN__DUPLICATE_METHOD_MATCH = YES;
				COPY_PHASE_STRIP = NO;
				DEBUG_INFORMATION_FORMAT = "dwarf-with-dsym";
				ENABLE_NS_ASSERTIONS = NO;
				ENABLE_STRICT_OBJC_MSGSEND = YES;
				GCC_C_LANGUAGE_STANDARD = gnu11;
				GCC_NO_COMMON_BLOCKS = YES;
				GCC_WARN_64_TO_32_BIT_CONVERSION = YES;
				GCC_WARN_ABOUT_RETURN_TYPE = YES_ERROR;
				GCC_WARN_UNDECLARED_SELECTOR = YES;
				GCC_WARN_UNINITIALIZED_AUTOS = YES_AGGRESSIVE;
				GCC_WARN_UNUSED_FUNCTION = YES;
				GCC_WARN_UNUSED_VARIABLE = YES;
				IPHONEOS_DEPLOYMENT_TARGET = 14.5;
				MTL_ENABLE_DEBUG_INFO = NO;
				MTL_FAST_MATH = YES;
				SDKROOT = iphoneos;
				SWIFT_COMPILATION_MODE = wholemodule;
				SWIFT_OPTIMIZATION_LEVEL = "-O";
				VALIDATE_PRODUCT = YES;
			};
			name = Release;
		};
		CB9C9F9E2D577C110026D370 /* Debug */ = {
			isa = XCBuildConfiguration;
			buildSettings = {
				ASSETCATALOG_COMPILER_APPICON_NAME = AppIcon;
				ASSETCATALOG_COMPILER_GLOBAL_ACCENT_COLOR_NAME = AccentColor;
				CODE_SIGN_STYLE = Automatic;
				INFOPLIST_FILE = Weather/Info.plist;
				LD_RUNPATH_SEARCH_PATHS = (
					"$(inherited)",
					"@executable_path/Frameworks",
				);
				PRODUCT_BUNDLE_IDENTIFIER = WrympLTD.Weather;
				PRODUCT_NAME = "$(TARGET_NAME)";
				SWIFT_VERSION = 5.0;
				TARGETED_DEVICE_FAMILY = "1,2";
			};
			name = Debug;
		};
		CB9C9F9F2D577C110026D370 /* Release */ = {
			isa = XCBuildConfiguration;
			buildSettings = {
				ASSETCATALOG_COMPILER_APPICON_NAME = AppIcon;
				ASSETCATALOG_COMPILER_GLOBAL_ACCENT_COLOR_NAME = AccentColor;
				CODE_SIGN_STYLE = Automatic;
				INFOPLIST_FILE = Weather/Info.plist;
				LD_RUNPATH_SEARCH_PATHS = (
					"$(inherited)",
					"@executable_path/Frameworks",
				);
				PRODUCT_BUNDLE_IDENTIFIER = WrympLTD.Weather;
				PRODUCT_NAME = "$(TARGET_NAME)";
				SWIFT_VERSION = 5.0;
				TARGETED_DEVICE_FAMILY = "1,2";
			};
			name = Release;
		};
/* End XCBuildConfiguration section */

/* Begin XCConfigurationList section */
		CB9C9F812D577C0F0026D370 /* Build configuration list for PBXProject "Weather" */ = {
			isa = XCConfigurationList;
			buildConfigurations = (
				CB9C9F9B2D577C110026D370 /* Debug */,
				CB9C9F9C2D577C110026D370 /* Release */,
			);
			defaultConfigurationIsVisible = 0;
			defaultConfigurationName = Release;
		};
		CB9C9F9D2D577C110026D370 /* Build configuration list for PBXNativeTarget "Weather" */ = {
			isa = XCConfigurationList;
			buildConfigurations = (
				CB9C9F9E2D577C110026D370 /* Debug */,
				CB9C9F9F2D577C110026D370 /* Release */,
			);
			defaultConfigurationIsVisible = 0;
			defaultConfigurationName = Release;
		};
/* End XCConfigurationList section */

/* Begin XCRemoteSwiftPackageReference section */
		CB1641A42D62640C00EAE793 /* XCRemoteSwiftPackageReference "Kingfisher" */ = {
			isa = XCRemoteSwiftPackageReference;
			repositoryURL = "https://github.com/onevcat/Kingfisher.git";
			requirement = {
				kind = upToNextMajorVersion;
				minimumVersion = 6.0.0;
			};
		};
/* End XCRemoteSwiftPackageReference section */

/* Begin XCSwiftPackageProductDependency section */
		CB1641A52D62640C00EAE793 /* Kingfisher */ = {
			isa = XCSwiftPackageProductDependency;
			package = CB1641A42D62640C00EAE793 /* XCRemoteSwiftPackageReference "Kingfisher" */;
			productName = Kingfisher;
		};
/* End XCSwiftPackageProductDependency section */

/* Begin XCVersionGroup section */
		CB9C9F922D577C100026D370 /* Weather.xcdatamodeld */ = {
			isa = XCVersionGroup;
			children = (
				CB9C9F932D577C100026D370 /* Weather.xcdatamodel */,
			);
			currentVersion = CB9C9F932D577C100026D370 /* Weather.xcdatamodel */;
			path = Weather.xcdatamodeld;
			sourceTree = "<group>";
			versionGroupType = wrapper.xcdatamodel;
		};
/* End XCVersionGroup section */
	};
	rootObject = CB9C9F7E2D577C0F0026D370 /* Project object */;
}
